
Microsoft Visual Studio Solution File, Format Version 12.00
# Visual Studio Version 17
VisualStudioVersion = 17.0.31903.59
MinimumVisualStudioVersion = 10.0.40219.1
Project("{2150E333-8FDC-42A3-9474-1A3956D46DE8}") = "src", "src", "{827E0CD3-B72D-47B6-A68D-7590B98EB39B}"
EndProject
Project("{2150E333-8FDC-42A3-9474-1A3956D46DE8}") = "test", "test", "{3E72BF5C-0B5E-D5BD-DCAE-6B991004B4A5}"
EndProject
Project("{FAE04EC0-301F-11D3-BF4B-00C04F79EFBC}") = "room.Tests", "src\test\room.Tests\room.Tests.csproj", "{3293B44E-C5F7-4674-A056-376F78362AE7}"
EndProject
Project("{2150E333-8FDC-42A3-9474-1A3956D46DE8}") = "main", "main", "{ABAA6554-252E-13CE-1B40-0464A7DBA771}"
EndProject
Project("{FAE04EC0-301F-11D3-BF4B-00C04F79EFBC}") = "room", "src\main\room.csproj", "{B10DF61C-D6AF-463B-8F9A-70F8BD9D3D18}"
EndProject
Global
	GlobalSection(SolutionConfigurationPlatforms) = preSolution
		Debug|Any CPU = Debug|Any CPU
		Debug|x64 = Debug|x64
		Debug|x86 = Debug|x86
		Release|Any CPU = Release|Any CPU
		Release|x64 = Release|x64
		Release|x86 = Release|x86
	EndGlobalSection
	GlobalSection(ProjectConfigurationPlatforms) = postSolution
		{3293B44E-C5F7-4674-A056-376F78362AE7}.Debug|Any CPU.ActiveCfg = Debug|Any CPU
		{3293B44E-C5F7-4674-A056-376F78362AE7}.Debug|Any CPU.Build.0 = Debug|Any CPU
		{3293B44E-C5F7-4674-A056-376F78362AE7}.Debug|x64.ActiveCfg = Debug|Any CPU
		{3293B44E-C5F7-4674-A056-376F78362AE7}.Debug|x64.Build.0 = Debug|Any CPU
		{3293B44E-C5F7-4674-A056-376F78362AE7}.Debug|x86.ActiveCfg = Debug|Any CPU
		{3293B44E-C5F7-4674-A056-376F78362AE7}.Debug|x86.Build.0 = Debug|Any CPU
		{3293B44E-C5F7-4674-A056-376F78362AE7}.Release|Any CPU.ActiveCfg = Release|Any CPU
		{3293B44E-C5F7-4674-A056-376F78362AE7}.Release|Any CPU.Build.0 = Release|Any CPU
		{3293B44E-C5F7-4674-A056-376F78362AE7}.Release|x64.ActiveCfg = Release|Any CPU
		{3293B44E-C5F7-4674-A056-376F78362AE7}.Release|x64.Build.0 = Release|Any CPU
		{3293B44E-C5F7-4674-A056-376F78362AE7}.Release|x86.ActiveCfg = Release|Any CPU
		{3293B44E-C5F7-4674-A056-376F78362AE7}.Release|x86.Build.0 = Release|Any CPU
		{B10DF61C-D6AF-463B-8F9A-70F8BD9D3D18}.Debug|Any CPU.ActiveCfg = Debug|Any CPU
		{B10DF61C-D6AF-463B-8F9A-70F8BD9D3D18}.Debug|Any CPU.Build.0 = Debug|Any CPU
		{B10DF61C-D6AF-463B-8F9A-70F8BD9D3D18}.Debug|x64.ActiveCfg = Debug|Any CPU
		{B10DF61C-D6AF-463B-8F9A-70F8BD9D3D18}.Debug|x64.Build.0 = Debug|Any CPU
		{B10DF61C-D6AF-463B-8F9A-70F8BD9D3D18}.Debug|x86.ActiveCfg = Debug|Any CPU
		{B10DF61C-D6AF-463B-8F9A-70F8BD9D3D18}.Debug|x86.Build.0 = Debug|Any CPU
		{B10DF61C-D6AF-463B-8F9A-70F8BD9D3D18}.Release|Any CPU.ActiveCfg = Release|Any CPU
		{B10DF61C-D6AF-463B-8F9A-70F8BD9D3D18}.Release|Any CPU.Build.0 = Release|Any CPU
		{B10DF61C-D6AF-463B-8F9A-70F8BD9D3D18}.Release|x64.ActiveCfg = Release|Any CPU
		{B10DF61C-D6AF-463B-8F9A-70F8BD9D3D18}.Release|x64.Build.0 = Release|Any CPU
		{B10DF61C-D6AF-463B-8F9A-70F8BD9D3D18}.Release|x86.ActiveCfg = Release|Any CPU
		{B10DF61C-D6AF-463B-8F9A-70F8BD9D3D18}.Release|x86.Build.0 = Release|Any CPU
	EndGlobalSection
	GlobalSection(SolutionProperties) = preSolution
		HideSolutionNode = FALSE
	EndGlobalSection
	GlobalSection(NestedProjects) = preSolution
		{3E72BF5C-0B5E-D5BD-DCAE-6B991004B4A5} = {827E0CD3-B72D-47B6-A68D-7590B98EB39B}
		{3293B44E-C5F7-4674-A056-376F78362AE7} = {3E72BF5C-0B5E-D5BD-DCAE-6B991004B4A5}
		{ABAA6554-252E-13CE-1B40-0464A7DBA771} = {827E0CD3-B72D-47B6-A68D-7590B98EB39B}
		{B10DF61C-D6AF-463B-8F9A-70F8BD9D3D18} = {ABAA6554-252E-13CE-1B40-0464A7DBA771}
	EndGlobalSection
EndGlobal
